
Microsoft Visual Studio Solution File, Format Version 12.00
# Visual Studio Version 17
VisualStudioVersion = 17.5.002.0
MinimumVisualStudioVersion = 10.0.40219.1
Project("{9A19103F-16F7-4668-BE54-9A1E7A4F7556}") = "CalculatorApp", "CalculatorApp\CalculatorApp.csproj", "{0A27BFBA-F711-4499-8C81-D3986C782DFA}"
EndProject
Global
	GlobalSection(SolutionConfigurationPlatforms) = preSolution
		Debug|Any CPU = Debug|Any CPU
		Release|Any CPU = Release|Any CPU
	EndGlobalSection
	GlobalSection(ProjectConfigurationPlatforms) = postSolution
		{0A27BFBA-F711-4499-8C81-D3986C782DFA}.Debug|Any CPU.ActiveCfg = Debug|Any CPU
		{0A27BFBA-F711-4499-8C81-D3986C782DFA}.Debug|Any CPU.Build.0 = Debug|Any CPU
		{0A27BFBA-F711-4499-8C81-D3986C782DFA}.Release|Any CPU.ActiveCfg = Release|Any CPU
		{0A27BFBA-F711-4499-8C81-D3986C782DFA}.Release|Any CPU.Build.0 = Release|Any CPU
	EndGlobalSection
	GlobalSection(SolutionProperties) = preSolution
		HideSolutionNode = FALSE
	EndGlobalSection
	GlobalSection(ExtensibilityGlobals) = postSolution
		SolutionGuid = {606378B9-12D7-4EA6-B3CD-FA3308CD6172}
	EndGlobalSection
EndGlobal
